{
  "requires": true,
  "lockfileVersion": 1,
  "dependencies": {
    "@ant-design/colors": {
      "version": "3.2.2",
      "resolved": "https://registry.npm.taobao.org/@ant-design/colors/download/@ant-design/colors-3.2.2.tgz?cache=0&other_urls=https%3A%2F%2Fregistry.npm.taobao.org%2F%40ant-design%2Fcolors%2Fdownload%2F%40ant-design%2Fcolors-3.2.2.tgz",
      "integrity": "sha1-WtQ9YZ6RHzSI66wwPWBuZqhCOQM=",
      "requires": {
        "tinycolor2": "^1.4.1"
      }
    },
    "@ant-design/icons": {
      "version": "2.1.1",
      "resolved": "https://registry.npm.taobao.org/@ant-design/icons/download/@ant-design/icons-2.1.1.tgz",
      "integrity": "sha1-e5wI3/1PXUHbZn2dvl4BB9C9mko="
    },
    "@ant-design/icons-vue": {
      "version": "2.0.0",
      "resolved": "https://registry.npm.taobao.org/@ant-design/icons-vue/download/@ant-design/icons-vue-2.0.0.tgz",
      "integrity": "sha1-A1f1AQpATp80qHpLQbKgjfaR284=",
      "requires": {
        "@ant-design/colors": "^3.1.0",
        "babel-runtime": "^6.26.0"
      }
    },
    "add-dom-event-listener": {
      "version": "1.1.0",
      "resolved": "https://registry.npm.taobao.org/add-dom-event-listener/download/add-dom-event-listener-1.1.0.tgz",
      "integrity": "sha1-apLbOg3Qq8JU4JXA8dwUrLuq4xA=",
      "requires": {
        "object-assign": "4.x"
      }
    },
    "ant-design-vue": {
      "version": "1.4.10",
      "resolved": "https://registry.npm.taobao.org/ant-design-vue/download/ant-design-vue-1.4.10.tgz",
      "integrity": "sha1-Jr81cKPJPVS65XHpjylFew/RFtg=",
      "requires": {
        "@ant-design/icons": "^2.1.1",
        "@ant-design/icons-vue": "^2.0.0",
        "add-dom-event-listener": "^1.0.2",
        "array-tree-filter": "^2.1.0",
        "async-validator": "^3.0.3",
        "babel-helper-vue-jsx-merge-props": "^2.0.3",
        "babel-runtime": "6.x",
        "classnames": "^2.2.5",
        "component-classes": "^1.2.6",
        "dom-align": "^1.7.0",
        "dom-closest": "^0.2.0",
        "dom-scroll-into-view": "^1.2.1",
        "enquire.js": "^2.1.6",
        "intersperse": "^1.0.0",
        "is-negative-zero": "^2.0.0",
        "ismobilejs": "^0.5.1",
        "json2mq": "^0.2.0",
        "lodash": "^4.17.5",
        "moment": "^2.21.0",
        "mutationobserver-shim": "^0.3.2",
        "node-emoji": "^1.10.0",
        "omit.js": "^1.0.0",
        "raf": "^3.4.0",
        "resize-observer-polyfill": "^1.5.1",
        "shallow-equal": "^1.0.0",
        "shallowequal": "^1.0.2",
        "vue-ref": "^1.0.4",
        "warning": "^3.0.0"
      },
      "dependencies": {
        "async-validator": {
          "version": "3.2.3",
          "resolved": "https://registry.npm.taobao.org/async-validator/download/async-validator-3.2.3.tgz?cache=0&sync_timestamp=1575620590760&other_urls=https%3A%2F%2Fregistry.npm.taobao.org%2Fasync-validator%2Fdownload%2Fasync-validator-3.2.3.tgz",
          "integrity": "sha1-s4ty+cCMHShUjfE7smC2kIRIykk="
        }
      }
    },
    "array-tree-filter": {
      "version": "2.1.0",
      "resolved": "https://registry.npm.taobao.org/array-tree-filter/download/array-tree-filter-2.1.0.tgz",
      "integrity": "sha1-hzrAD+yDdJ8lWsjdCDgUtPYykZA="
    },
    "async-validator": {
      "version": "1.12.2",
      "resolved": "https://registry.npm.taobao.org/async-validator/download/async-validator-1.12.2.tgz?cache=0&sync_timestamp=1575620590760&other_urls=https%3A%2F%2Fregistry.npm.taobao.org%2Fasync-validator%2Fdownload%2Fasync-validator-1.12.2.tgz",
      "integrity": "sha1-vq5nHnF00pOLe0tp0vt+cit/1yw="
    },
    "autosize": {
      "version": "4.0.2",
      "resolved": "https://registry.npm.taobao.org/autosize/download/autosize-4.0.2.tgz",
      "integrity": "sha1-Bzz9B8i/RdpLn9FTQ39br7uh5Mk="
    },
    "babel-helper-vue-jsx-merge-props": {
      "version": "2.0.3",
      "resolved": "https://registry.npm.taobao.org/babel-helper-vue-jsx-merge-props/download/babel-helper-vue-jsx-merge-props-2.0.3.tgz",
      "integrity": "sha1-Iq69OzOQIyjlEyk6jkmSs4T58bY="
    },
    "babel-runtime": {
      "version": "6.26.0",
      "resolved": "https://registry.npm.taobao.org/babel-runtime/download/babel-runtime-6.26.0.tgz",
      "integrity": "sha1-llxwWGaOgrVde/4E/yM3vItWR/4=",
      "requires": {
        "core-js": "^2.4.0",
        "regenerator-runtime": "^0.11.0"
      }
    },
    "classnames": {
      "version": "2.2.6",
      "resolved": "https://registry.npm.taobao.org/classnames/download/classnames-2.2.6.tgz",
      "integrity": "sha1-Q5Nb/90pHzJtrQogUwmzjQD2UM4="
    },
    "component-classes": {
      "version": "1.2.6",
      "resolved": "https://registry.npm.taobao.org/component-classes/download/component-classes-1.2.6.tgz",
      "integrity": "sha1-xkI5TDYYpNiwuJGe/Mu9kw5c1pE=",
      "requires": {
        "component-indexof": "0.0.3"
      }
    },
    "component-indexof": {
      "version": "0.0.3",
      "resolved": "https://registry.npm.taobao.org/component-indexof/download/component-indexof-0.0.3.tgz",
      "integrity": "sha1-EdCRMSI5648yyPJa6csAL/6NPCQ="
    },
    "core-js": {
      "version": "2.6.11",
      "resolved": "https://registry.npm.taobao.org/core-js/download/core-js-2.6.11.tgz",
      "integrity": "sha1-OIMUafmSK97Y7iHJ3EaYXgOZMIw="
    },
    "date-fns": {
      "version": "1.30.1",
      "resolved": "https://registry.npm.taobao.org/date-fns/download/date-fns-1.30.1.tgz?cache=0&other_urls=https%3A%2F%2Fregistry.npm.taobao.org%2Fdate-fns%2Fdownload%2Fdate-fns-1.30.1.tgz",
      "integrity": "sha1-LnG/CxGRU9u0zE6I2epaz7UNwFw="
    },
    "deepmerge": {
      "version": "2.2.1",
      "resolved": "https://registry.npm.taobao.org/deepmerge/download/deepmerge-2.2.1.tgz",
      "integrity": "sha1-XT/yKgHAD2RUBaL7wX0HeKGAEXA="
    },
    "dom-align": {
      "version": "1.10.2",
      "resolved": "https://registry.npm.taobao.org/dom-align/download/dom-align-1.10.2.tgz",
      "integrity": "sha1-VA6hyeIEYr0RufwoxWHcg1Hs5MY="
    },
    "dom-closest": {
      "version": "0.2.0",
      "resolved": "https://registry.npm.taobao.org/dom-closest/download/dom-closest-0.2.0.tgz",
      "integrity": "sha1-69n5HRvyLo1vR3h2u80+yQIWwM8=",
      "requires": {
        "dom-matches": ">=1.0.1"
      }
    },
    "dom-matches": {
      "version": "2.0.0",
      "resolved": "https://registry.npm.taobao.org/dom-matches/download/dom-matches-2.0.0.tgz",
      "integrity": "sha1-0nKLQWqHUzmA6wibhI0lPPI6dYw="
    },
    "dom-scroll-into-view": {
      "version": "1.2.1",
      "resolved": "https://registry.npm.taobao.org/dom-scroll-into-view/download/dom-scroll-into-view-1.2.1.tgz",
      "integrity": "sha1-6PNnMt0ImwIBqI14Fdw/iObWbH4="
    },
    "enquire.js": {
      "version": "2.1.6",
      "resolved": "https://registry.npm.taobao.org/enquire.js/download/enquire.js-2.1.6.tgz?cache=0&other_urls=https%3A%2F%2Fregistry.npm.taobao.org%2Fenquire.js%2Fdownload%2Fenquire.js-2.1.6.tgz",
      "integrity": "sha1-PoeAybi4NQhMP2DhZtvDwqPImBQ="
    },
    "intersperse": {
      "version": "1.0.0",
      "resolved": "https://registry.npm.taobao.org/intersperse/download/intersperse-1.0.0.tgz",
      "integrity": "sha1-8lYfsc/vn1J3zDNHoiiGtDUaUYE="
    },
    "is-negative-zero": {
      "version": "2.0.0",
      "resolved": "https://registry.npm.taobao.org/is-negative-zero/download/is-negative-zero-2.0.0.tgz",
      "integrity": "sha1-lVOxIbD6wohp2p7UWeIMdUN4hGE="
    },
    "ismobilejs": {
      "version": "0.5.2",
      "resolved": "https://registry.npm.taobao.org/ismobilejs/download/ismobilejs-0.5.2.tgz",
      "integrity": "sha1-6Bus9hh8UyrYNINV9P7Nbmrf3OE="
    },
    "js-tokens": {
      "version": "4.0.0",
      "resolved": "https://registry.npm.taobao.org/js-tokens/download/js-tokens-4.0.0.tgz",
      "integrity": "sha1-GSA/tZmR35jjoocFDUZHzerzJJk="
    },
    "json2mq": {
      "version": "0.2.0",
      "resolved": "https://registry.npm.taobao.org/json2mq/download/json2mq-0.2.0.tgz",
      "integrity": "sha1-tje9O6nqvhIsg+lyBIOusQ0skEo=",
      "requires": {
        "string-convert": "^0.2.0"
      }
    },
    "lodash": {
      "version": "4.17.15",
      "resolved": "https://registry.npm.taobao.org/lodash/download/lodash-4.17.15.tgz",
      "integrity": "sha1-tEf2ZwoEVbv+7dETku/zMOoJdUg="
    },
    "lodash.toarray": {
      "version": "4.4.0",
      "resolved": "https://registry.npm.taobao.org/lodash.toarray/download/lodash.toarray-4.4.0.tgz",
      "integrity": "sha1-JMS/zWsvuji/0FlNsRedjptlZWE="
    },
    "loose-envify": {
      "version": "1.4.0",
      "resolved": "https://registry.npm.taobao.org/loose-envify/download/loose-envify-1.4.0.tgz",
      "integrity": "sha1-ce5R+nvkyuwaY4OffmgtgTLTDK8=",
      "requires": {
        "js-tokens": "^3.0.0 || ^4.0.0"
      }
    },
    "moment": {
      "version": "2.24.0",
      "resolved": "https://registry.npm.taobao.org/moment/download/moment-2.24.0.tgz",
      "integrity": "sha1-DQVdU/UFKqZTyfbraLtdEr9cK1s="
    },
    "mutationobserver-shim": {
      "version": "0.3.3",
      "resolved": "https://registry.npm.taobao.org/mutationobserver-shim/download/mutationobserver-shim-0.3.3.tgz",
      "integrity": "sha1-ZYaWMLyJ17+MnNnLghiM2VWqzSs="
    },
    "node-emoji": {
      "version": "1.10.0",
      "resolved": "https://registry.npm.taobao.org/node-emoji/download/node-emoji-1.10.0.tgz",
      "integrity": "sha1-iIar0l2ce7YYAqZYUj0fjSqJsto=",
      "requires": {
        "lodash.toarray": "^4.4.0"
      }
    },
    "object-assign": {
      "version": "4.1.1",
      "resolved": "https://registry.npm.taobao.org/object-assign/download/object-assign-4.1.1.tgz",
      "integrity": "sha1-IQmtx5ZYh8/AXLvUQsrIv7s2CGM="
    },
    "omit.js": {
      "version": "1.0.2",
      "resolved": "https://registry.npm.taobao.org/omit.js/download/omit.js-1.0.2.tgz",
      "integrity": "sha1-kaFPDrqEBm36AVvzDkdMR/MLyFg=",
      "requires": {
        "babel-runtime": "^6.23.0"
      }
    },
    "performance-now": {
      "version": "2.1.0",
      "resolved": "https://registry.npm.taobao.org/performance-now/download/performance-now-2.1.0.tgz",
      "integrity": "sha1-Ywn04OX6kT7BxpMHrjZLSzd8nns="
    },
    "popper.js": {
      "version": "0.6.4",
      "resolved": "https://registry.npm.taobao.org/popper.js/download/popper.js-0.6.4.tgz",
      "integrity": "sha1-GDfEdgr1TSuyC2b5wJuSmT2Exik="
    },
    "raf": {
      "version": "3.4.1",
      "resolved": "https://registry.npm.taobao.org/raf/download/raf-3.4.1.tgz",
      "integrity": "sha1-B0LpmkplUvRF1z4+4DKK8P8e3jk=",
      "requires": {
        "performance-now": "^2.1.0"
      }
    },
    "regenerator-runtime": {
      "version": "0.11.1",
      "resolved": "https://registry.npm.taobao.org/regenerator-runtime/download/regenerator-runtime-0.11.1.tgz",
      "integrity": "sha1-vgWtf5v30i4Fb5cmzuUBf78Z4uk="
    },
    "resize-observer-polyfill": {
      "version": "1.5.1",
      "resolved": "https://registry.npm.taobao.org/resize-observer-polyfill/download/resize-observer-polyfill-1.5.1.tgz",
      "integrity": "sha1-DpAg3T0hAkRY1OvSfiPkAmmBBGQ="
    },
    "shallow-equal": {
      "version": "1.2.1",
      "resolved": "https://registry.npm.taobao.org/shallow-equal/download/shallow-equal-1.2.1.tgz?cache=0&sync_timestamp=1575626600353&other_urls=https%3A%2F%2Fregistry.npm.taobao.org%2Fshallow-equal%2Fdownload%2Fshallow-equal-1.2.1.tgz",
      "integrity": "sha1-TBar+lYEOqINBQMk76aJQLDaedo="
    },
    "shallowequal": {
      "version": "1.1.0",
      "resolved": "https://registry.npm.taobao.org/shallowequal/download/shallowequal-1.1.0.tgz",
      "integrity": "sha1-GI1SHelbkIdAT9TctosT3wrk5/g="
    },
    "string-convert": {
      "version": "0.2.1",
      "resolved": "https://registry.npm.taobao.org/string-convert/download/string-convert-0.2.1.tgz",
      "integrity": "sha1-aYLMMEn7tM2F+LJFaLnZvznu/5c="
    },
    "tinycolor2": {
      "version": "1.4.1",
      "resolved": "https://registry.npm.taobao.org/tinycolor2/download/tinycolor2-1.4.1.tgz",
      "integrity": "sha1-9PrTM0R7wLB9TcjpIJ2POaisd+g="
    },
    "vue-beauty": {
      "version": "2.0.0-beta.19",
      "resolved": "https://registry.npm.taobao.org/vue-beauty/download/vue-beauty-2.0.0-beta.19.tgz",
      "integrity": "sha1-9og/DXImGPBtgL7Mnv5S706i1CM=",
      "requires": {
        "async-validator": "^1.8.2",
        "autosize": "^4.0.1",
        "core-js": "^2.5.5",
        "date-fns": "^1.29.0",
        "deepmerge": "^2.1.0",
        "lodash": "^4.17.5",
        "popper.js": "^0.6.4"
      }
    },
    "vue-ref": {
      "version": "1.0.6",
      "resolved": "https://registry.npm.taobao.org/vue-ref/download/vue-ref-1.0.6.tgz",
      "integrity": "sha1-ubPX0OKQ7i/T1Q1de9rFIIBssmU="
    },
    "vue-router": {
      "version": "3.1.3",
      "resolved": "https://registry.npm.taobao.org/vue-router/download/vue-router-3.1.3.tgz",
      "integrity": "sha1-5rFPq8DA7p/aDiy72nSzUOKOQSs="
    },
    "warning": {
      "version": "3.0.0",
      "resolved": "https://registry.npm.taobao.org/warning/download/warning-3.0.0.tgz?cache=0&other_urls=https%3A%2F%2Fregistry.npm.taobao.org%2Fwarning%2Fdownload%2Fwarning-3.0.0.tgz",
      "integrity": "sha1-MuU3fLVy3kqwR1O9+IIcAe1gW3w=",
      "requires": {
        "loose-envify": "^1.0.0"
      }
    }
  }
}
